
Microsoft Visual Studio Solution File, Format Version 12.00
Project("{FAE04EC0-301F-11D3-BF4B-00C04F79EFBC}") = "PlayingCards", "PlayingCards\PlayingCards.csproj", "{67AAAB09-5CA6-4F3D-9245-2007904D258A}"
EndProject
Global
	GlobalSection(SolutionConfigurationPlatforms) = preSolution
		Debug|Any CPU = Debug|Any CPU
		Release|Any CPU = Release|Any CPU
	EndGlobalSection
	GlobalSection(ProjectConfigurationPlatforms) = postSolution
		{67AAAB09-5CA6-4F3D-9245-2007904D258A}.Debug|Any CPU.ActiveCfg = Debug|Any CPU
		{67AAAB09-5CA6-4F3D-9245-2007904D258A}.Debug|Any CPU.Build.0 = Debug|Any CPU
		{67AAAB09-5CA6-4F3D-9245-2007904D258A}.Release|Any CPU.ActiveCfg = Release|Any CPU
		{67AAAB09-5CA6-4F3D-9245-2007904D258A}.Release|Any CPU.Build.0 = Release|Any CPU
	EndGlobalSection
EndGlobal
